// !$*UTF8*$!
{
	archiveVersion = 1;
	classes = {
	};
	objectVersion = 55;
	objects = {

/* Begin PBXBuildFile section */
		604BEB2C28C38A28008F2DC5 /* AppDelegate.swift in Sources */ = {isa = PBXBuildFile; fileRef = 604BEB2B28C38A28008F2DC5 /* AppDelegate.swift */; };
		604BEB2E28C38A28008F2DC5 /* SceneDelegate.swift in Sources */ = {isa = PBXBuildFile; fileRef = 604BEB2D28C38A28008F2DC5 /* SceneDelegate.swift */; };
		604BEB3028C38A28008F2DC5 /* MainVC.swift in Sources */ = {isa = PBXBuildFile; fileRef = 604BEB2F28C38A28008F2DC5 /* MainVC.swift */; };
		604BEB3528C38A29008F2DC5 /* Assets.xcassets in Resources */ = {isa = PBXBuildFile; fileRef = 604BEB3428C38A29008F2DC5 /* Assets.xcassets */; };
		60BD49DC28C38E3000F279B5 /* ViewModel.swift in Sources */ = {isa = PBXBuildFile; fileRef = 60BD49DB28C38E3000F279B5 /* ViewModel.swift */; };
		60BD49E028C38E4400F279B5 /* Model.swift in Sources */ = {isa = PBXBuildFile; fileRef = 60BD49DF28C38E4400F279B5 /* Model.swift */; };
		60BD49E528C38E5A00F279B5 /* Dynamic.swift in Sources */ = {isa = PBXBuildFile; fileRef = 60BD49E428C38E5A00F279B5 /* Dynamic.swift */; };
		60BD49E728C38F1500F279B5 /* NetworkBase.swift in Sources */ = {isa = PBXBuildFile; fileRef = 60BD49E628C38F1500F279B5 /* NetworkBase.swift */; };
		60BD49E928C3918000F279B5 /* URLFactory.swift in Sources */ = {isa = PBXBuildFile; fileRef = 60BD49E828C3918000F279B5 /* URLFactory.swift */; };
		60BD49EC28C392F800F279B5 /* NetworkService.swift in Sources */ = {isa = PBXBuildFile; fileRef = 60BD49EB28C392F800F279B5 /* NetworkService.swift */; };
		60BD49EE28C3A41500F279B5 /* ViewBase.swift in Sources */ = {isa = PBXBuildFile; fileRef = 60BD49ED28C3A41500F279B5 /* ViewBase.swift */; };
		839D6E3973826F8E4F96C8AD /* Pods_DevKg.framework in Frameworks */ = {isa = PBXBuildFile; fileRef = F3538172F771AE70405D48FC /* Pods_DevKg.framework */; };
/* End PBXBuildFile section */

/* Begin PBXFileReference section */
		604BEB2828C38A28008F2DC5 /* DevKg.app */ = {isa = PBXFileReference; explicitFileType = wrapper.application; includeInIndex = 0; path = DevKg.app; sourceTree = BUILT_PRODUCTS_DIR; };
		604BEB2B28C38A28008F2DC5 /* AppDelegate.swift */ = {isa = PBXFileReference; lastKnownFileType = sourcecode.swift; path = AppDelegate.swift; sourceTree = "<group>"; };
		604BEB2D28C38A28008F2DC5 /* SceneDelegate.swift */ = {isa = PBXFileReference; lastKnownFileType = sourcecode.swift; path = SceneDelegate.swift; sourceTree = "<group>"; };
		604BEB2F28C38A28008F2DC5 /* MainVC.swift */ = {isa = PBXFileReference; lastKnownFileType = sourcecode.swift; path = MainVC.swift; sourceTree = "<group>"; };
		604BEB3428C38A29008F2DC5 /* Assets.xcassets */ = {isa = PBXFileReference; lastKnownFileType = folder.assetcatalog; path = Assets.xcassets; sourceTree = "<group>"; };
		604BEB3928C38A29008F2DC5 /* Info.plist */ = {isa = PBXFileReference; lastKnownFileType = text.plist.xml; path = Info.plist; sourceTree = "<group>"; };
		60BD49DB28C38E3000F279B5 /* ViewModel.swift */ = {isa = PBXFileReference; lastKnownFileType = sourcecode.swift; path = ViewModel.swift; sourceTree = "<group>"; };
		60BD49DF28C38E4400F279B5 /* Model.swift */ = {isa = PBXFileReference; lastKnownFileType = sourcecode.swift; path = Model.swift; sourceTree = "<group>"; };
		60BD49E428C38E5A00F279B5 /* Dynamic.swift */ = {isa = PBXFileReference; lastKnownFileType = sourcecode.swift; path = Dynamic.swift; sourceTree = "<group>"; };
		60BD49E628C38F1500F279B5 /* NetworkBase.swift */ = {isa = PBXFileReference; lastKnownFileType = sourcecode.swift; path = NetworkBase.swift; sourceTree = "<group>"; };
		60BD49E828C3918000F279B5 /* URLFactory.swift */ = {isa = PBXFileReference; lastKnownFileType = sourcecode.swift; path = URLFactory.swift; sourceTree = "<group>"; };
		60BD49EB28C392F800F279B5 /* NetworkService.swift */ = {isa = PBXFileReference; lastKnownFileType = sourcecode.swift; path = NetworkService.swift; sourceTree = "<group>"; };
		60BD49ED28C3A41500F279B5 /* ViewBase.swift */ = {isa = PBXFileReference; lastKnownFileType = sourcecode.swift; path = ViewBase.swift; sourceTree = "<group>"; };
		9DAEFF855388EB4028C3BDE1 /* Pods-DevKg.debug.xcconfig */ = {isa = PBXFileReference; includeInIndex = 1; lastKnownFileType = text.xcconfig; name = "Pods-DevKg.debug.xcconfig"; path = "Target Support Files/Pods-DevKg/Pods-DevKg.debug.xcconfig"; sourceTree = "<group>"; };
		ACF7DFD8FCAD162C42F21F2E /* Pods-DevKg.release.xcconfig */ = {isa = PBXFileReference; includeInIndex = 1; lastKnownFileType = text.xcconfig; name = "Pods-DevKg.release.xcconfig"; path = "Target Support Files/Pods-DevKg/Pods-DevKg.release.xcconfig"; sourceTree = "<group>"; };
		F3538172F771AE70405D48FC /* Pods_DevKg.framework */ = {isa = PBXFileReference; explicitFileType = wrapper.framework; includeInIndex = 0; path = Pods_DevKg.framework; sourceTree = BUILT_PRODUCTS_DIR; };
/* End PBXFileReference section */

/* Begin PBXFrameworksBuildPhase section */
		604BEB2528C38A28008F2DC5 /* Frameworks */ = {
			isa = PBXFrameworksBuildPhase;
			buildActionMask = 2147483647;
			files = (
				839D6E3973826F8E4F96C8AD /* Pods_DevKg.framework in Frameworks */,
			);
			runOnlyForDeploymentPostprocessing = 0;
		};
/* End PBXFrameworksBuildPhase section */

/* Begin PBXGroup section */
		45469DA0B7137519215048E2 /* Pods */ = {
			isa = PBXGroup;
			children = (
				9DAEFF855388EB4028C3BDE1 /* Pods-DevKg.debug.xcconfig */,
				ACF7DFD8FCAD162C42F21F2E /* Pods-DevKg.release.xcconfig */,
			);
			path = Pods;
			sourceTree = "<group>";
		};
		604BEB1F28C38A28008F2DC5 = {
			isa = PBXGroup;
			children = (
				604BEB2A28C38A28008F2DC5 /* DevKg */,
				604BEB2928C38A28008F2DC5 /* Products */,
				45469DA0B7137519215048E2 /* Pods */,
				A21635441CEFFA30DBFD427D /* Frameworks */,
			);
			sourceTree = "<group>";
		};
		604BEB2928C38A28008F2DC5 /* Products */ = {
			isa = PBXGroup;
			children = (
				604BEB2828C38A28008F2DC5 /* DevKg.app */,
			);
			name = Products;
			sourceTree = "<group>";
		};
		604BEB2A28C38A28008F2DC5 /* DevKg */ = {
			isa = PBXGroup;
			children = (
				60BD49EA28C392EC00F279B5 /* NetworkService */,
				60BD49E328C38E4F00F279B5 /* Dynamic */,
				60BD49DE28C38E3A00F279B5 /* NetworkBase */,
				60BD49DD28C38E3400F279B5 /* ViewBase */,
				60BD49DA28C38E2A00F279B5 /* ViewModel */,
				60BD49D928C38E0400F279B5 /* View */,
				60BD49D828C38DFF00F279B5 /* Model */,
				604BEB2B28C38A28008F2DC5 /* AppDelegate.swift */,
				604BEB2D28C38A28008F2DC5 /* SceneDelegate.swift */,
				604BEB3428C38A29008F2DC5 /* Assets.xcassets */,
				604BEB3928C38A29008F2DC5 /* Info.plist */,
			);
			path = DevKg;
			sourceTree = "<group>";
		};
		60BD49D828C38DFF00F279B5 /* Model */ = {
			isa = PBXGroup;
			children = (
				60BD49DF28C38E4400F279B5 /* Model.swift */,
			);
			path = Model;
			sourceTree = "<group>";
		};
		60BD49D928C38E0400F279B5 /* View */ = {
			isa = PBXGroup;
			children = (
				604BEB2F28C38A28008F2DC5 /* MainVC.swift */,
			);
			path = View;
			sourceTree = "<group>";
		};
		60BD49DA28C38E2A00F279B5 /* ViewModel */ = {
			isa = PBXGroup;
			children = (
				60BD49DB28C38E3000F279B5 /* ViewModel.swift */,
			);
			path = ViewModel;
			sourceTree = "<group>";
		};
		60BD49DD28C38E3400F279B5 /* ViewBase */ = {
			isa = PBXGroup;
			children = (
				60BD49ED28C3A41500F279B5 /* ViewBase.swift */,
			);
			path = ViewBase;
			sourceTree = "<group>";
		};
		60BD49DE28C38E3A00F279B5 /* NetworkBase */ = {
			isa = PBXGroup;
			children = (
				60BD49E628C38F1500F279B5 /* NetworkBase.swift */,
				60BD49E828C3918000F279B5 /* URLFactory.swift */,
			);
			path = NetworkBase;
			sourceTree = "<group>";
		};
		60BD49E328C38E4F00F279B5 /* Dynamic */ = {
			isa = PBXGroup;
			children = (
				60BD49E428C38E5A00F279B5 /* Dynamic.swift */,
			);
			path = Dynamic;
			sourceTree = "<group>";
		};
		60BD49EA28C392EC00F279B5 /* NetworkService */ = {
			isa = PBXGroup;
			children = (
				60BD49EB28C392F800F279B5 /* NetworkService.swift */,
			);
			path = NetworkService;
			sourceTree = "<group>";
		};
		A21635441CEFFA30DBFD427D /* Frameworks */ = {
			isa = PBXGroup;
			children = (
				F3538172F771AE70405D48FC /* Pods_DevKg.framework */,
			);
			name = Frameworks;
			sourceTree = "<group>";
		};
/* End PBXGroup section */

/* Begin PBXNativeTarget section */
		604BEB2728C38A28008F2DC5 /* DevKg */ = {
			isa = PBXNativeTarget;
			buildConfigurationList = 604BEB3C28C38A29008F2DC5 /* Build configuration list for PBXNativeTarget "DevKg" */;
			buildPhases = (
				59669227CBA0654A4A9F095C /* [CP] Check Pods Manifest.lock */,
				604BEB2428C38A28008F2DC5 /* Sources */,
				604BEB2528C38A28008F2DC5 /* Frameworks */,
				604BEB2628C38A28008F2DC5 /* Resources */,
				F62A65A039F16269834F798A /* [CP] Embed Pods Frameworks */,
			);
			buildRules = (
			);
			dependencies = (
			);
			name = DevKg;
			productName = DevKg;
			productReference = 604BEB2828C38A28008F2DC5 /* DevKg.app */;
			productType = "com.apple.product-type.application";
		};
/* End PBXNativeTarget section */

/* Begin PBXProject section */
		604BEB2028C38A28008F2DC5 /* Project object */ = {
			isa = PBXProject;
			attributes = {
				BuildIndependentTargetsInParallel = 1;
				LastSwiftUpdateCheck = 1320;
				LastUpgradeCheck = 1320;
				TargetAttributes = {
					604BEB2728C38A28008F2DC5 = {
						CreatedOnToolsVersion = 13.2.1;
					};
				};
			};
			buildConfigurationList = 604BEB2328C38A28008F2DC5 /* Build configuration list for PBXProject "DevKg" */;
			compatibilityVersion = "Xcode 13.0";
			developmentRegion = en;
			hasScannedForEncodings = 0;
			knownRegions = (
				en,
				Base,
			);
			mainGroup = 604BEB1F28C38A28008F2DC5;
			productRefGroup = 604BEB2928C38A28008F2DC5 /* Products */;
			projectDirPath = "";
			projectRoot = "";
			targets = (
				604BEB2728C38A28008F2DC5 /* DevKg */,
			);
		};
/* End PBXProject section */

/* Begin PBXResourcesBuildPhase section */
		604BEB2628C38A28008F2DC5 /* Resources */ = {
			isa = PBXResourcesBuildPhase;
			buildActionMask = 2147483647;
			files = (
				604BEB3528C38A29008F2DC5 /* Assets.xcassets in Resources */,
			);
			runOnlyForDeploymentPostprocessing = 0;
		};
/* End PBXResourcesBuildPhase section */

/* Begin PBXShellScriptBuildPhase section */
		59669227CBA0654A4A9F095C /* [CP] Check Pods Manifest.lock */ = {
			isa = PBXShellScriptBuildPhase;
			buildActionMask = 2147483647;
			files = (
			);
			inputFileListPaths = (
			);
			inputPaths = (
				"${PODS_PODFILE_DIR_PATH}/Podfile.lock",
				"${PODS_ROOT}/Manifest.lock",
			);
			name = "[CP] Check Pods Manifest.lock";
			outputFileListPaths = (
			);
			outputPaths = (
				"$(DERIVED_FILE_DIR)/Pods-DevKg-checkManifestLockResult.txt",
			);
			runOnlyForDeploymentPostprocessing = 0;
			shellPath = /bin/sh;
			shellScript = "diff \"${PODS_PODFILE_DIR_PATH}/Podfile.lock\" \"${PODS_ROOT}/Manifest.lock\" > /dev/null\nif [ $? != 0 ] ; then\n    # print error to STDERR\n    echo \"error: The sandbox is not in sync with the Podfile.lock. Run 'pod install' or update your CocoaPods installation.\" >&2\n    exit 1\nfi\n# This output is used by Xcode 'outputs' to avoid re-running this script phase.\necho \"SUCCESS\" > \"${SCRIPT_OUTPUT_FILE_0}\"\n";
			showEnvVarsInLog = 0;
		};
		F62A65A039F16269834F798A /* [CP] Embed Pods Frameworks */ = {
			isa = PBXShellScriptBuildPhase;
			buildActionMask = 2147483647;
			files = (
			);
			inputFileListPaths = (
				"${PODS_ROOT}/Target Support Files/Pods-DevKg/Pods-DevKg-frameworks-${CONFIGURATION}-input-files.xcfilelist",
			);
			name = "[CP] Embed Pods Frameworks";
			outputFileListPaths = (
				"${PODS_ROOT}/Target Support Files/Pods-DevKg/Pods-DevKg-frameworks-${CONFIGURATION}-output-files.xcfilelist",
			);
			runOnlyForDeploymentPostprocessing = 0;
			shellPath = /bin/sh;
			shellScript = "\"${PODS_ROOT}/Target Support Files/Pods-DevKg/Pods-DevKg-frameworks.sh\"\n";
			showEnvVarsInLog = 0;
		};
/* End PBXShellScriptBuildPhase section */

/* Begin PBXSourcesBuildPhase section */
		604BEB2428C38A28008F2DC5 /* Sources */ = {
			isa = PBXSourcesBuildPhase;
			buildActionMask = 2147483647;
			files = (
				60BD49E028C38E4400F279B5 /* Model.swift in Sources */,
				60BD49EE28C3A41500F279B5 /* ViewBase.swift in Sources */,
				604BEB3028C38A28008F2DC5 /* MainVC.swift in Sources */,
				60BD49E528C38E5A00F279B5 /* Dynamic.swift in Sources */,
				604BEB2C28C38A28008F2DC5 /* AppDelegate.swift in Sources */,
				60BD49E928C3918000F279B5 /* URLFactory.swift in Sources */,
				60BD49EC28C392F800F279B5 /* NetworkService.swift in Sources */,
				60BD49E728C38F1500F279B5 /* NetworkBase.swift in Sources */,
				60BD49DC28C38E3000F279B5 /* ViewModel.swift in Sources */,
				604BEB2E28C38A28008F2DC5 /* SceneDelegate.swift in Sources */,
			);
			runOnlyForDeploymentPostprocessing = 0;
		};
/* End PBXSourcesBuildPhase section */

/* Begin XCBuildConfiguration section */
		604BEB3A28C38A29008F2DC5 /* Debug */ = {
			isa = XCBuildConfiguration;
			buildSettings = {
				ALWAYS_SEARCH_USER_PATHS = NO;
				CLANG_ANALYZER_NONNULL = YES;
				CLANG_ANALYZER_NUMBER_OBJECT_CONVERSION = YES_AGGRESSIVE;
				CLANG_CXX_LANGUAGE_STANDARD = "gnu++17";
				CLANG_CXX_LIBRARY = "libc++";
				CLANG_ENABLE_MODULES = YES;
				CLANG_ENABLE_OBJC_ARC = YES;
				CLANG_ENABLE_OBJC_WEAK = YES;
				CLANG_WARN_BLOCK_CAPTURE_AUTORELEASING = YES;
				CLANG_WARN_BOOL_CONVERSION = YES;
				CLANG_WARN_COMMA = YES;
				CLANG_WARN_CONSTANT_CONVERSION = YES;
				CLANG_WARN_DEPRECATED_OBJC_IMPLEMENTATIONS = YES;
				CLANG_WARN_DIRECT_OBJC_ISA_USAGE = YES_ERROR;
				CLANG_WARN_DOCUMENTATION_COMMENTS = YES;
				CLANG_WARN_EMPTY_BODY = YES;
				CLANG_WARN_ENUM_CONVERSION = YES;
				CLANG_WARN_INFINITE_RECURSION = YES;
				CLANG_WARN_INT_CONVERSION = YES;
				CLANG_WARN_NON_LITERAL_NULL_CONVERSION = YES;
				CLANG_WARN_OBJC_IMPLICIT_RETAIN_SELF = YES;
				CLANG_WARN_OBJC_LITERAL_CONVERSION = YES;
				CLANG_WARN_OBJC_ROOT_CLASS = YES_ERROR;
				CLANG_WARN_QUOTED_INCLUDE_IN_FRAMEWORK_HEADER = YES;
				CLANG_WARN_RANGE_LOOP_ANALYSIS = YES;
				CLANG_WARN_STRICT_PROTOTYPES = YES;
				CLANG_WARN_SUSPICIOUS_MOVE = YES;
				CLANG_WARN_UNGUARDED_AVAILABILITY = YES_AGGRESSIVE;
				CLANG_WARN_UNREACHABLE_CODE = YES;
				CLANG_WARN__DUPLICATE_METHOD_MATCH = YES;
				COPY_PHASE_STRIP = NO;
				DEBUG_INFORMATION_FORMAT = dwarf;
				ENABLE_STRICT_OBJC_MSGSEND = YES;
				ENABLE_TESTABILITY = YES;
				GCC_C_LANGUAGE_STANDARD = gnu11;
				GCC_DYNAMIC_NO_PIC = NO;
				GCC_NO_COMMON_BLOCKS = YES;
				GCC_OPTIMIZATION_LEVEL = 0;
				GCC_PREPROCESSOR_DEFINITIONS = (
					"DEBUG=1",
					"$(inherited)",
				);
				GCC_WARN_64_TO_32_BIT_CONVERSION = YES;
				GCC_WARN_ABOUT_RETURN_TYPE = YES_ERROR;
				GCC_WARN_UNDECLARED_SELECTOR = YES;
				GCC_WARN_UNINITIALIZED_AUTOS = YES_AGGRESSIVE;
				GCC_WARN_UNUSED_FUNCTION = YES;
				GCC_WARN_UNUSED_VARIABLE = YES;
				IPHONEOS_DEPLOYMENT_TARGET = 15.2;
				MTL_ENABLE_DEBUG_INFO = INCLUDE_SOURCE;
				MTL_FAST_MATH = YES;
				ONLY_ACTIVE_ARCH = YES;
				SDKROOT = iphoneos;
				SWIFT_ACTIVE_COMPILATION_CONDITIONS = DEBUG;
				SWIFT_OPTIMIZATION_LEVEL = "-Onone";
			};
			name = Debug;
		};
		604BEB3B28C38A29008F2DC5 /* Release */ = {
			isa = XCBuildConfiguration;
			buildSettings = {
				ALWAYS_SEARCH_USER_PATHS = NO;
				CLANG_ANALYZER_NONNULL = YES;
				CLANG_ANALYZER_NUMBER_OBJECT_CONVERSION = YES_AGGRESSIVE;
				CLANG_CXX_LANGUAGE_STANDARD = "gnu++17";
				CLANG_CXX_LIBRARY = "libc++";
				CLANG_ENABLE_MODULES = YES;
				CLANG_ENABLE_OBJC_ARC = YES;
				CLANG_ENABLE_OBJC_WEAK = YES;
				CLANG_WARN_BLOCK_CAPTURE_AUTORELEASING = YES;
				CLANG_WARN_BOOL_CONVERSION = YES;
				CLANG_WARN_COMMA = YES;
				CLANG_WARN_CONSTANT_CONVERSION = YES;
				CLANG_WARN_DEPRECATED_OBJC_IMPLEMENTATIONS = YES;
				CLANG_WARN_DIRECT_OBJC_ISA_USAGE = YES_ERROR;
				CLANG_WARN_DOCUMENTATION_COMMENTS = YES;
				CLANG_WARN_EMPTY_BODY = YES;
				CLANG_WARN_ENUM_CONVERSION = YES;
				CLANG_WARN_INFINITE_RECURSION = YES;
				CLANG_WARN_INT_CONVERSION = YES;
				CLANG_WARN_NON_LITERAL_NULL_CONVERSION = YES;
				CLANG_WARN_OBJC_IMPLICIT_RETAIN_SELF = YES;
				CLANG_WARN_OBJC_LITERAL_CONVERSION = YES;
				CLANG_WARN_OBJC_ROOT_CLASS = YES_ERROR;
				CLANG_WARN_QUOTED_INCLUDE_IN_FRAMEWORK_HEADER = YES;
				CLANG_WARN_RANGE_LOOP_ANALYSIS = YES;
				CLANG_WARN_STRICT_PROTOTYPES = YES;
				CLANG_WARN_SUSPICIOUS_MOVE = YES;
				CLANG_WARN_UNGUARDED_AVAILABILITY = YES_AGGRESSIVE;
				CLANG_WARN_UNREACHABLE_CODE = YES;
				CLANG_WARN__DUPLICATE_METHOD_MATCH = YES;
				COPY_PHASE_STRIP = NO;
				DEBUG_INFORMATION_FORMAT = "dwarf-with-dsym";
				ENABLE_NS_ASSERTIONS = NO;
				ENABLE_STRICT_OBJC_MSGSEND = YES;
				GCC_C_LANGUAGE_STANDARD = gnu11;
				GCC_NO_COMMON_BLOCKS = YES;
				GCC_WARN_64_TO_32_BIT_CONVERSION = YES;
				GCC_WARN_ABOUT_RETURN_TYPE = YES_ERROR;
				GCC_WARN_UNDECLARED_SELECTOR = YES;
				GCC_WARN_UNINITIALIZED_AUTOS = YES_AGGRESSIVE;
				GCC_WARN_UNUSED_FUNCTION = YES;
				GCC_WARN_UNUSED_VARIABLE = YES;
				IPHONEOS_DEPLOYMENT_TARGET = 15.2;
				MTL_ENABLE_DEBUG_INFO = NO;
				MTL_FAST_MATH = YES;
				SDKROOT = iphoneos;
				SWIFT_COMPILATION_MODE = wholemodule;
				SWIFT_OPTIMIZATION_LEVEL = "-O";
				VALIDATE_PRODUCT = YES;
			};
			name = Release;
		};
		604BEB3D28C38A29008F2DC5 /* Debug */ = {
			isa = XCBuildConfiguration;
			baseConfigurationReference = 9DAEFF855388EB4028C3BDE1 /* Pods-DevKg.debug.xcconfig */;
			buildSettings = {
				ASSETCATALOG_COMPILER_APPICON_NAME = AppIcon;
				ASSETCATALOG_COMPILER_GLOBAL_ACCENT_COLOR_NAME = AccentColor;
				CODE_SIGN_STYLE = Automatic;
				CURRENT_PROJECT_VERSION = 1;
				DEVELOPMENT_TEAM = K8M5FXDJPU;
				GENERATE_INFOPLIST_FILE = YES;
				INFOPLIST_FILE = DevKg/Info.plist;
				INFOPLIST_KEY_UIApplicationSupportsIndirectInputEvents = YES;
				INFOPLIST_KEY_UILaunchStoryboardName = LaunchScreen;
				INFOPLIST_KEY_UISupportedInterfaceOrientations_iPad = "UIInterfaceOrientationPortrait UIInterfaceOrientationPortraitUpsideDown UIInterfaceOrientationLandscapeLeft UIInterfaceOrientationLandscapeRight";
				INFOPLIST_KEY_UISupportedInterfaceOrientations_iPhone = "UIInterfaceOrientationPortrait UIInterfaceOrientationLandscapeLeft UIInterfaceOrientationLandscapeRight";
				LD_RUNPATH_SEARCH_PATHS = (
					"$(inherited)",
					"@executable_path/Frameworks",
				);
				MARKETING_VERSION = 1.0;
				PRODUCT_BUNDLE_IDENTIFIER = com.shifu.DevKg;
				PRODUCT_NAME = "$(TARGET_NAME)";
				SWIFT_EMIT_LOC_STRINGS = YES;
				SWIFT_VERSION = 5.0;
				TARGETED_DEVICE_FAMILY = "1,2";
			};
			name = Debug;
		};
		604BEB3E28C38A29008F2DC5 /* Release */ = {
			isa = XCBuildConfiguration;
			baseConfigurationReference = ACF7DFD8FCAD162C42F21F2E /* Pods-DevKg.release.xcconfig */;
			buildSettings = {
				ASSETCATALOG_COMPILER_APPICON_NAME = AppIcon;
				ASSETCATALOG_COMPILER_GLOBAL_ACCENT_COLOR_NAME = AccentColor;
				CODE_SIGN_STYLE = Automatic;
				CURRENT_PROJECT_VERSION = 1;
				DEVELOPMENT_TEAM = K8M5FXDJPU;
				GENERATE_INFOPLIST_FILE = YES;
				INFOPLIST_FILE = DevKg/Info.plist;
				INFOPLIST_KEY_UIApplicationSupportsIndirectInputEvents = YES;
				INFOPLIST_KEY_UILaunchStoryboardName = LaunchScreen;
				INFOPLIST_KEY_UISupportedInterfaceOrientations_iPad = "UIInterfaceOrientationPortrait UIInterfaceOrientationPortraitUpsideDown UIInterfaceOrientationLandscapeLeft UIInterfaceOrientationLandscapeRight";
				INFOPLIST_KEY_UISupportedInterfaceOrientations_iPhone = "UIInterfaceOrientationPortrait UIInterfaceOrientationLandscapeLeft UIInterfaceOrientationLandscapeRight";
				LD_RUNPATH_SEARCH_PATHS = (
					"$(inherited)",
					"@executable_path/Frameworks",
				);
				MARKETING_VERSION = 1.0;
				PRODUCT_BUNDLE_IDENTIFIER = com.shifu.DevKg;
				PRODUCT_NAME = "$(TARGET_NAME)";
				SWIFT_EMIT_LOC_STRINGS = YES;
				SWIFT_VERSION = 5.0;
				TARGETED_DEVICE_FAMILY = "1,2";
			};
			name = Release;
		};
/* End XCBuildConfiguration section */

/* Begin XCConfigurationList section */
		604BEB2328C38A28008F2DC5 /* Build configuration list for PBXProject "DevKg" */ = {
			isa = XCConfigurationList;
			buildConfigurations = (
				604BEB3A28C38A29008F2DC5 /* Debug */,
				604BEB3B28C38A29008F2DC5 /* Release */,
			);
			defaultConfigurationIsVisible = 0;
			defaultConfigurationName = Release;
		};
		604BEB3C28C38A29008F2DC5 /* Build configuration list for PBXNativeTarget "DevKg" */ = {
			isa = XCConfigurationList;
			buildConfigurations = (
				604BEB3D28C38A29008F2DC5 /* Debug */,
				604BEB3E28C38A29008F2DC5 /* Release */,
			);
			defaultConfigurationIsVisible = 0;
			defaultConfigurationName = Release;
		};
/* End XCConfigurationList section */
	};
	rootObject = 604BEB2028C38A28008F2DC5 /* Project object */;
}
